
Microsoft Visual Studio Solution File, Format Version 12.00
# Visual Studio 15
VisualStudioVersion = 15.0.27130.2010
MinimumVisualStudioVersion = 10.0.40219.1
Project("{FAE04EC0-301F-11D3-BF4B-00C04F79EFBC}") = "2901_b", "2901_b\2901_b.csproj", "{406A38C4-C882-4303-873D-AAFC426C6402}"
EndProject
Global
	GlobalSection(SolutionConfigurationPlatforms) = preSolution
		Debug|Any CPU = Debug|Any CPU
		Release|Any CPU = Release|Any CPU
	EndGlobalSection
	GlobalSection(ProjectConfigurationPlatforms) = postSolution
		{406A38C4-C882-4303-873D-AAFC426C6402}.Debug|Any CPU.ActiveCfg = Debug|Any CPU
		{406A38C4-C882-4303-873D-AAFC426C6402}.Debug|Any CPU.Build.0 = Debug|Any CPU
		{406A38C4-C882-4303-873D-AAFC426C6402}.Release|Any CPU.ActiveCfg = Release|Any CPU
		{406A38C4-C882-4303-873D-AAFC426C6402}.Release|Any CPU.Build.0 = Release|Any CPU
	EndGlobalSection
	GlobalSection(SolutionProperties) = preSolution
		HideSolutionNode = FALSE
	EndGlobalSection
	GlobalSection(ExtensibilityGlobals) = postSolution
		SolutionGuid = {1837A23B-4E86-4638-85C0-1333B08F94E0}
	EndGlobalSection
EndGlobal
